
Microsoft Visual Studio Solution File, Format Version 12.00
# Visual Studio 15
VisualStudioVersion = 15.0.28010.2026
MinimumVisualStudioVersion = 10.0.40219.1
Project("{FAE04EC0-301F-11D3-BF4B-00C04F79EFBC}") = "SmartVision", "top-smartvision\SmartVision.csproj", "{806342CF-F15B-4CFF-8F13-8561489138F4}"
EndProject
Project("{FAE04EC0-301F-11D3-BF4B-00C04F79EFBC}") = "UnitTestProject", "UnitTestProject\UnitTestProject.csproj", "{D246788B-FF12-4713-A15D-85147F200CD8}"
EndProject
Project("{FAE04EC0-301F-11D3-BF4B-00C04F79EFBC}") = "App1.Android", "App1\App1.Android\App1.Android.csproj", "{2849235E-1DED-4CF8-B1B5-A6CD463468E0}"
EndProject
Project("{FAE04EC0-301F-11D3-BF4B-00C04F79EFBC}") = "App1.iOS", "App1\App1.iOS\App1.iOS.csproj", "{BC35FEEA-52A6-448D-A65E-FEEA7D255B43}"
EndProject
Project("{FAE04EC0-301F-11D3-BF4B-00C04F79EFBC}") = "App1.UWP", "App1\App1.UWP\App1.UWP.csproj", "{65B6C167-2367-4E5B-918C-9D264DCF6BB0}"
EndProject
Project("{FAE04EC0-301F-11D3-BF4B-00C04F79EFBC}") = "App1", "App1\App1\App1.csproj", "{6178F1F1-B052-45BC-BB9A-79F712A39528}"
EndProject
Global
	GlobalSection(SolutionConfigurationPlatforms) = preSolution
		Ad-Hoc|Any CPU = Ad-Hoc|Any CPU
		Ad-Hoc|ARM = Ad-Hoc|ARM
		Ad-Hoc|iPhone = Ad-Hoc|iPhone
		Ad-Hoc|iPhoneSimulator = Ad-Hoc|iPhoneSimulator
		Ad-Hoc|x64 = Ad-Hoc|x64
		Ad-Hoc|x86 = Ad-Hoc|x86
		AppStore|Any CPU = AppStore|Any CPU
		AppStore|ARM = AppStore|ARM
		AppStore|iPhone = AppStore|iPhone
		AppStore|iPhoneSimulator = AppStore|iPhoneSimulator
		AppStore|x64 = AppStore|x64
		AppStore|x86 = AppStore|x86
		Debug|Any CPU = Debug|Any CPU
		Debug|ARM = Debug|ARM
		Debug|iPhone = Debug|iPhone
		Debug|iPhoneSimulator = Debug|iPhoneSimulator
		Debug|x64 = Debug|x64
		Debug|x86 = Debug|x86
		Release|Any CPU = Release|Any CPU
		Release|ARM = Release|ARM
		Release|iPhone = Release|iPhone
		Release|iPhoneSimulator = Release|iPhoneSimulator
		Release|x64 = Release|x64
		Release|x86 = Release|x86
	EndGlobalSection
	GlobalSection(ProjectConfigurationPlatforms) = postSolution
		{806342CF-F15B-4CFF-8F13-8561489138F4}.Ad-Hoc|Any CPU.ActiveCfg = Release|Any CPU
		{806342CF-F15B-4CFF-8F13-8561489138F4}.Ad-Hoc|Any CPU.Build.0 = Release|Any CPU
		{806342CF-F15B-4CFF-8F13-8561489138F4}.Ad-Hoc|ARM.ActiveCfg = Release|Any CPU
		{806342CF-F15B-4CFF-8F13-8561489138F4}.Ad-Hoc|ARM.Build.0 = Release|Any CPU
		{806342CF-F15B-4CFF-8F13-8561489138F4}.Ad-Hoc|iPhone.ActiveCfg = Release|Any CPU
		{806342CF-F15B-4CFF-8F13-8561489138F4}.Ad-Hoc|iPhone.Build.0 = Release|Any CPU
		{806342CF-F15B-4CFF-8F13-8561489138F4}.Ad-Hoc|iPhoneSimulator.ActiveCfg = Release|Any CPU
		{806342CF-F15B-4CFF-8F13-8561489138F4}.Ad-Hoc|iPhoneSimulator.Build.0 = Release|Any CPU
		{806342CF-F15B-4CFF-8F13-8561489138F4}.Ad-Hoc|x64.ActiveCfg = Release|Any CPU
		{806342CF-F15B-4CFF-8F13-8561489138F4}.Ad-Hoc|x64.Build.0 = Release|Any CPU
		{806342CF-F15B-4CFF-8F13-8561489138F4}.Ad-Hoc|x86.ActiveCfg = Release|Any CPU
		{806342CF-F15B-4CFF-8F13-8561489138F4}.Ad-Hoc|x86.Build.0 = Release|Any CPU
		{806342CF-F15B-4CFF-8F13-8561489138F4}.AppStore|Any CPU.ActiveCfg = Release|Any CPU
		{806342CF-F15B-4CFF-8F13-8561489138F4}.AppStore|Any CPU.Build.0 = Release|Any CPU
		{806342CF-F15B-4CFF-8F13-8561489138F4}.AppStore|ARM.ActiveCfg = Release|Any CPU
		{806342CF-F15B-4CFF-8F13-8561489138F4}.AppStore|ARM.Build.0 = Release|Any CPU
		{806342CF-F15B-4CFF-8F13-8561489138F4}.AppStore|iPhone.ActiveCfg = Release|Any CPU
		{806342CF-F15B-4CFF-8F13-8561489138F4}.AppStore|iPhone.Build.0 = Release|Any CPU
		{806342CF-F15B-4CFF-8F13-8561489138F4}.AppStore|iPhoneSimulator.ActiveCfg = Release|Any CPU
		{806342CF-F15B-4CFF-8F13-8561489138F4}.AppStore|iPhoneSimulator.Build.0 = Release|Any CPU
		{806342CF-F15B-4CFF-8F13-8561489138F4}.AppStore|x64.ActiveCfg = Release|Any CPU
		{806342CF-F15B-4CFF-8F13-8561489138F4}.AppStore|x64.Build.0 = Release|Any CPU
		{806342CF-F15B-4CFF-8F13-8561489138F4}.AppStore|x86.ActiveCfg = Release|Any CPU
		{806342CF-F15B-4CFF-8F13-8561489138F4}.AppStore|x86.Build.0 = Release|Any CPU
		{806342CF-F15B-4CFF-8F13-8561489138F4}.Debug|Any CPU.ActiveCfg = Debug|Any CPU
		{806342CF-F15B-4CFF-8F13-8561489138F4}.Debug|Any CPU.Build.0 = Debug|Any CPU
		{806342CF-F15B-4CFF-8F13-8561489138F4}.Debug|ARM.ActiveCfg = Debug|Any CPU
		{806342CF-F15B-4CFF-8F13-8561489138F4}.Debug|ARM.Build.0 = Debug|Any CPU
		{806342CF-F15B-4CFF-8F13-8561489138F4}.Debug|iPhone.ActiveCfg = Debug|Any CPU
		{806342CF-F15B-4CFF-8F13-8561489138F4}.Debug|iPhone.Build.0 = Debug|Any CPU
		{806342CF-F15B-4CFF-8F13-8561489138F4}.Debug|iPhoneSimulator.ActiveCfg = Debug|Any CPU
		{806342CF-F15B-4CFF-8F13-8561489138F4}.Debug|iPhoneSimulator.Build.0 = Debug|Any CPU
		{806342CF-F15B-4CFF-8F13-8561489138F4}.Debug|x64.ActiveCfg = Debug|Any CPU
		{806342CF-F15B-4CFF-8F13-8561489138F4}.Debug|x64.Build.0 = Debug|Any CPU
		{806342CF-F15B-4CFF-8F13-8561489138F4}.Debug|x86.ActiveCfg = Debug|Any CPU
		{806342CF-F15B-4CFF-8F13-8561489138F4}.Debug|x86.Build.0 = Debug|Any CPU
		{806342CF-F15B-4CFF-8F13-8561489138F4}.Release|Any CPU.ActiveCfg = Release|Any CPU
		{806342CF-F15B-4CFF-8F13-8561489138F4}.Release|Any CPU.Build.0 = Release|Any CPU
		{806342CF-F15B-4CFF-8F13-8561489138F4}.Release|ARM.ActiveCfg = Release|Any CPU
		{806342CF-F15B-4CFF-8F13-8561489138F4}.Release|ARM.Build.0 = Release|Any CPU
		{806342CF-F15B-4CFF-8F13-8561489138F4}.Release|iPhone.ActiveCfg = Release|Any CPU
		{806342CF-F15B-4CFF-8F13-8561489138F4}.Release|iPhone.Build.0 = Release|Any CPU
		{806342CF-F15B-4CFF-8F13-8561489138F4}.Release|iPhoneSimulator.ActiveCfg = Release|Any CPU
		{806342CF-F15B-4CFF-8F13-8561489138F4}.Release|iPhoneSimulator.Build.0 = Release|Any CPU
		{806342CF-F15B-4CFF-8F13-8561489138F4}.Release|x64.ActiveCfg = Release|Any CPU
		{806342CF-F15B-4CFF-8F13-8561489138F4}.Release|x64.Build.0 = Release|Any CPU
		{806342CF-F15B-4CFF-8F13-8561489138F4}.Release|x86.ActiveCfg = Release|Any CPU
		{806342CF-F15B-4CFF-8F13-8561489138F4}.Release|x86.Build.0 = Release|Any CPU
		{D246788B-FF12-4713-A15D-85147F200CD8}.Ad-Hoc|Any CPU.ActiveCfg = Release|Any CPU
		{D246788B-FF12-4713-A15D-85147F200CD8}.Ad-Hoc|Any CPU.Build.0 = Release|Any CPU
		{D246788B-FF12-4713-A15D-85147F200CD8}.Ad-Hoc|ARM.ActiveCfg = Release|Any CPU
		{D246788B-FF12-4713-A15D-85147F200CD8}.Ad-Hoc|ARM.Build.0 = Release|Any CPU
		{D246788B-FF12-4713-A15D-85147F200CD8}.Ad-Hoc|iPhone.ActiveCfg = Release|Any CPU
		{D246788B-FF12-4713-A15D-85147F200CD8}.Ad-Hoc|iPhone.Build.0 = Release|Any CPU
		{D246788B-FF12-4713-A15D-85147F200CD8}.Ad-Hoc|iPhoneSimulator.ActiveCfg = Release|Any CPU
		{D246788B-FF12-4713-A15D-85147F200CD8}.Ad-Hoc|iPhoneSimulator.Build.0 = Release|Any CPU
		{D246788B-FF12-4713-A15D-85147F200CD8}.Ad-Hoc|x64.ActiveCfg = Release|Any CPU
		{D246788B-FF12-4713-A15D-85147F200CD8}.Ad-Hoc|x64.Build.0 = Release|Any CPU
		{D246788B-FF12-4713-A15D-85147F200CD8}.Ad-Hoc|x86.ActiveCfg = Release|Any CPU
		{D246788B-FF12-4713-A15D-85147F200CD8}.Ad-Hoc|x86.Build.0 = Release|Any CPU
		{D246788B-FF12-4713-A15D-85147F200CD8}.AppStore|Any CPU.ActiveCfg = Release|Any CPU
		{D246788B-FF12-4713-A15D-85147F200CD8}.AppStore|Any CPU.Build.0 = Release|Any CPU
		{D246788B-FF12-4713-A15D-85147F200CD8}.AppStore|ARM.ActiveCfg = Release|Any CPU
		{D246788B-FF12-4713-A15D-85147F200CD8}.AppStore|ARM.Build.0 = Release|Any CPU
		{D246788B-FF12-4713-A15D-85147F200CD8}.AppStore|iPhone.ActiveCfg = Release|Any CPU
		{D246788B-FF12-4713-A15D-85147F200CD8}.AppStore|iPhone.Build.0 = Release|Any CPU
		{D246788B-FF12-4713-A15D-85147F200CD8}.AppStore|iPhoneSimulator.ActiveCfg = Release|Any CPU
		{D246788B-FF12-4713-A15D-85147F200CD8}.AppStore|iPhoneSimulator.Build.0 = Release|Any CPU
		{D246788B-FF12-4713-A15D-85147F200CD8}.AppStore|x64.ActiveCfg = Release|Any CPU
		{D246788B-FF12-4713-A15D-85147F200CD8}.AppStore|x64.Build.0 = Release|Any CPU
		{D246788B-FF12-4713-A15D-85147F200CD8}.AppStore|x86.ActiveCfg = Release|Any CPU
		{D246788B-FF12-4713-A15D-85147F200CD8}.AppStore|x86.Build.0 = Release|Any CPU
		{D246788B-FF12-4713-A15D-85147F200CD8}.Debug|Any CPU.ActiveCfg = Debug|Any CPU
		{D246788B-FF12-4713-A15D-85147F200CD8}.Debug|Any CPU.Build.0 = Debug|Any CPU
		{D246788B-FF12-4713-A15D-85147F200CD8}.Debug|ARM.ActiveCfg = Debug|Any CPU
		{D246788B-FF12-4713-A15D-85147F200CD8}.Debug|ARM.Build.0 = Debug|Any CPU
		{D246788B-FF12-4713-A15D-85147F200CD8}.Debug|iPhone.ActiveCfg = Debug|Any CPU
		{D246788B-FF12-4713-A15D-85147F200CD8}.Debug|iPhone.Build.0 = Debug|Any CPU
		{D246788B-FF12-4713-A15D-85147F200CD8}.Debug|iPhoneSimulator.ActiveCfg = Debug|Any CPU
		{D246788B-FF12-4713-A15D-85147F200CD8}.Debug|iPhoneSimulator.Build.0 = Debug|Any CPU
		{D246788B-FF12-4713-A15D-85147F200CD8}.Debug|x64.ActiveCfg = Debug|Any CPU
		{D246788B-FF12-4713-A15D-85147F200CD8}.Debug|x64.Build.0 = Debug|Any CPU
		{D246788B-FF12-4713-A15D-85147F200CD8}.Debug|x86.ActiveCfg = Debug|Any CPU
		{D246788B-FF12-4713-A15D-85147F200CD8}.Debug|x86.Build.0 = Debug|Any CPU
		{D246788B-FF12-4713-A15D-85147F200CD8}.Release|Any CPU.ActiveCfg = Release|Any CPU
		{D246788B-FF12-4713-A15D-85147F200CD8}.Release|Any CPU.Build.0 = Release|Any CPU
		{D246788B-FF12-4713-A15D-85147F200CD8}.Release|ARM.ActiveCfg = Release|Any CPU
		{D246788B-FF12-4713-A15D-85147F200CD8}.Release|ARM.Build.0 = Release|Any CPU
		{D246788B-FF12-4713-A15D-85147F200CD8}.Release|iPhone.ActiveCfg = Release|Any CPU
		{D246788B-FF12-4713-A15D-85147F200CD8}.Release|iPhone.Build.0 = Release|Any CPU
		{D246788B-FF12-4713-A15D-85147F200CD8}.Release|iPhoneSimulator.ActiveCfg = Release|Any CPU
		{D246788B-FF12-4713-A15D-85147F200CD8}.Release|iPhoneSimulator.Build.0 = Release|Any CPU
		{D246788B-FF12-4713-A15D-85147F200CD8}.Release|x64.ActiveCfg = Release|Any CPU
		{D246788B-FF12-4713-A15D-85147F200CD8}.Release|x64.Build.0 = Release|Any CPU
		{D246788B-FF12-4713-A15D-85147F200CD8}.Release|x86.ActiveCfg = Release|Any CPU
		{D246788B-FF12-4713-A15D-85147F200CD8}.Release|x86.Build.0 = Release|Any CPU
		{2849235E-1DED-4CF8-B1B5-A6CD463468E0}.Ad-Hoc|Any CPU.ActiveCfg = Release|Any CPU
		{2849235E-1DED-4CF8-B1B5-A6CD463468E0}.Ad-Hoc|Any CPU.Build.0 = Release|Any CPU
		{2849235E-1DED-4CF8-B1B5-A6CD463468E0}.Ad-Hoc|Any CPU.Deploy.0 = Release|Any CPU
		{2849235E-1DED-4CF8-B1B5-A6CD463468E0}.Ad-Hoc|ARM.ActiveCfg = Release|Any CPU
		{2849235E-1DED-4CF8-B1B5-A6CD463468E0}.Ad-Hoc|ARM.Build.0 = Release|Any CPU
		{2849235E-1DED-4CF8-B1B5-A6CD463468E0}.Ad-Hoc|ARM.Deploy.0 = Release|Any CPU
		{2849235E-1DED-4CF8-B1B5-A6CD463468E0}.Ad-Hoc|iPhone.ActiveCfg = Release|Any CPU
		{2849235E-1DED-4CF8-B1B5-A6CD463468E0}.Ad-Hoc|iPhone.Build.0 = Release|Any CPU
		{2849235E-1DED-4CF8-B1B5-A6CD463468E0}.Ad-Hoc|iPhone.Deploy.0 = Release|Any CPU
		{2849235E-1DED-4CF8-B1B5-A6CD463468E0}.Ad-Hoc|iPhoneSimulator.ActiveCfg = Release|Any CPU
		{2849235E-1DED-4CF8-B1B5-A6CD463468E0}.Ad-Hoc|iPhoneSimulator.Build.0 = Release|Any CPU
		{2849235E-1DED-4CF8-B1B5-A6CD463468E0}.Ad-Hoc|iPhoneSimulator.Deploy.0 = Release|Any CPU
		{2849235E-1DED-4CF8-B1B5-A6CD463468E0}.Ad-Hoc|x64.ActiveCfg = Release|Any CPU
		{2849235E-1DED-4CF8-B1B5-A6CD463468E0}.Ad-Hoc|x64.Build.0 = Release|Any CPU
		{2849235E-1DED-4CF8-B1B5-A6CD463468E0}.Ad-Hoc|x64.Deploy.0 = Release|Any CPU
		{2849235E-1DED-4CF8-B1B5-A6CD463468E0}.Ad-Hoc|x86.ActiveCfg = Release|Any CPU
		{2849235E-1DED-4CF8-B1B5-A6CD463468E0}.Ad-Hoc|x86.Build.0 = Release|Any CPU
		{2849235E-1DED-4CF8-B1B5-A6CD463468E0}.Ad-Hoc|x86.Deploy.0 = Release|Any CPU
		{2849235E-1DED-4CF8-B1B5-A6CD463468E0}.AppStore|Any CPU.ActiveCfg = Release|Any CPU
		{2849235E-1DED-4CF8-B1B5-A6CD463468E0}.AppStore|Any CPU.Build.0 = Release|Any CPU
		{2849235E-1DED-4CF8-B1B5-A6CD463468E0}.AppStore|Any CPU.Deploy.0 = Release|Any CPU
		{2849235E-1DED-4CF8-B1B5-A6CD463468E0}.AppStore|ARM.ActiveCfg = Release|Any CPU
		{2849235E-1DED-4CF8-B1B5-A6CD463468E0}.AppStore|ARM.Build.0 = Release|Any CPU
		{2849235E-1DED-4CF8-B1B5-A6CD463468E0}.AppStore|ARM.Deploy.0 = Release|Any CPU
		{2849235E-1DED-4CF8-B1B5-A6CD463468E0}.AppStore|iPhone.ActiveCfg = Release|Any CPU
		{2849235E-1DED-4CF8-B1B5-A6CD463468E0}.AppStore|iPhone.Build.0 = Release|Any CPU
		{2849235E-1DED-4CF8-B1B5-A6CD463468E0}.AppStore|iPhone.Deploy.0 = Release|Any CPU
		{2849235E-1DED-4CF8-B1B5-A6CD463468E0}.AppStore|iPhoneSimulator.ActiveCfg = Release|Any CPU
		{2849235E-1DED-4CF8-B1B5-A6CD463468E0}.AppStore|iPhoneSimulator.Build.0 = Release|Any CPU
		{2849235E-1DED-4CF8-B1B5-A6CD463468E0}.AppStore|iPhoneSimulator.Deploy.0 = Release|Any CPU
		{2849235E-1DED-4CF8-B1B5-A6CD463468E0}.AppStore|x64.ActiveCfg = Release|Any CPU
		{2849235E-1DED-4CF8-B1B5-A6CD463468E0}.AppStore|x64.Build.0 = Release|Any CPU
		{2849235E-1DED-4CF8-B1B5-A6CD463468E0}.AppStore|x64.Deploy.0 = Release|Any CPU
		{2849235E-1DED-4CF8-B1B5-A6CD463468E0}.AppStore|x86.ActiveCfg = Release|Any CPU
		{2849235E-1DED-4CF8-B1B5-A6CD463468E0}.AppStore|x86.Build.0 = Release|Any CPU
		{2849235E-1DED-4CF8-B1B5-A6CD463468E0}.AppStore|x86.Deploy.0 = Release|Any CPU
		{2849235E-1DED-4CF8-B1B5-A6CD463468E0}.Debug|Any CPU.ActiveCfg = Debug|Any CPU
		{2849235E-1DED-4CF8-B1B5-A6CD463468E0}.Debug|Any CPU.Build.0 = Debug|Any CPU
		{2849235E-1DED-4CF8-B1B5-A6CD463468E0}.Debug|Any CPU.Deploy.0 = Debug|Any CPU
		{2849235E-1DED-4CF8-B1B5-A6CD463468E0}.Debug|ARM.ActiveCfg = Debug|Any CPU
		{2849235E-1DED-4CF8-B1B5-A6CD463468E0}.Debug|ARM.Build.0 = Debug|Any CPU
		{2849235E-1DED-4CF8-B1B5-A6CD463468E0}.Debug|ARM.Deploy.0 = Debug|Any CPU
		{2849235E-1DED-4CF8-B1B5-A6CD463468E0}.Debug|iPhone.ActiveCfg = Debug|Any CPU
		{2849235E-1DED-4CF8-B1B5-A6CD463468E0}.Debug|iPhone.Build.0 = Debug|Any CPU
		{2849235E-1DED-4CF8-B1B5-A6CD463468E0}.Debug|iPhone.Deploy.0 = Debug|Any CPU
		{2849235E-1DED-4CF8-B1B5-A6CD463468E0}.Debug|iPhoneSimulator.ActiveCfg = Debug|Any CPU
		{2849235E-1DED-4CF8-B1B5-A6CD463468E0}.Debug|iPhoneSimulator.Build.0 = Debug|Any CPU
		{2849235E-1DED-4CF8-B1B5-A6CD463468E0}.Debug|iPhoneSimulator.Deploy.0 = Debug|Any CPU
		{2849235E-1DED-4CF8-B1B5-A6CD463468E0}.Debug|x64.ActiveCfg = Debug|Any CPU
		{2849235E-1DED-4CF8-B1B5-A6CD463468E0}.Debug|x64.Build.0 = Debug|Any CPU
		{2849235E-1DED-4CF8-B1B5-A6CD463468E0}.Debug|x64.Deploy.0 = Debug|Any CPU
		{2849235E-1DED-4CF8-B1B5-A6CD463468E0}.Debug|x86.ActiveCfg = Debug|Any CPU
		{2849235E-1DED-4CF8-B1B5-A6CD463468E0}.Debug|x86.Build.0 = Debug|Any CPU
		{2849235E-1DED-4CF8-B1B5-A6CD463468E0}.Debug|x86.Deploy.0 = Debug|Any CPU
		{2849235E-1DED-4CF8-B1B5-A6CD463468E0}.Release|Any CPU.ActiveCfg = Release|Any CPU
		{2849235E-1DED-4CF8-B1B5-A6CD463468E0}.Release|Any CPU.Build.0 = Release|Any CPU
		{2849235E-1DED-4CF8-B1B5-A6CD463468E0}.Release|Any CPU.Deploy.0 = Release|Any CPU
		{2849235E-1DED-4CF8-B1B5-A6CD463468E0}.Release|ARM.ActiveCfg = Release|Any CPU
		{2849235E-1DED-4CF8-B1B5-A6CD463468E0}.Release|ARM.Build.0 = Release|Any CPU
		{2849235E-1DED-4CF8-B1B5-A6CD463468E0}.Release|ARM.Deploy.0 = Release|Any CPU
		{2849235E-1DED-4CF8-B1B5-A6CD463468E0}.Release|iPhone.ActiveCfg = Release|Any CPU
		{2849235E-1DED-4CF8-B1B5-A6CD463468E0}.Release|iPhone.Build.0 = Release|Any CPU
		{2849235E-1DED-4CF8-B1B5-A6CD463468E0}.Release|iPhone.Deploy.0 = Release|Any CPU
		{2849235E-1DED-4CF8-B1B5-A6CD463468E0}.Release|iPhoneSimulator.ActiveCfg = Release|Any CPU
		{2849235E-1DED-4CF8-B1B5-A6CD463468E0}.Release|iPhoneSimulator.Build.0 = Release|Any CPU
		{2849235E-1DED-4CF8-B1B5-A6CD463468E0}.Release|iPhoneSimulator.Deploy.0 = Release|Any CPU
		{2849235E-1DED-4CF8-B1B5-A6CD463468E0}.Release|x64.ActiveCfg = Release|Any CPU
		{2849235E-1DED-4CF8-B1B5-A6CD463468E0}.Release|x64.Build.0 = Release|Any CPU
		{2849235E-1DED-4CF8-B1B5-A6CD463468E0}.Release|x64.Deploy.0 = Release|Any CPU
		{2849235E-1DED-4CF8-B1B5-A6CD463468E0}.Release|x86.ActiveCfg = Release|Any CPU
		{2849235E-1DED-4CF8-B1B5-A6CD463468E0}.Release|x86.Build.0 = Release|Any CPU
		{2849235E-1DED-4CF8-B1B5-A6CD463468E0}.Release|x86.Deploy.0 = Release|Any CPU
		{BC35FEEA-52A6-448D-A65E-FEEA7D255B43}.Ad-Hoc|Any CPU.ActiveCfg = Ad-Hoc|iPhone
		{BC35FEEA-52A6-448D-A65E-FEEA7D255B43}.Ad-Hoc|ARM.ActiveCfg = Ad-Hoc|iPhone
		{BC35FEEA-52A6-448D-A65E-FEEA7D255B43}.Ad-Hoc|iPhone.ActiveCfg = Ad-Hoc|iPhone
		{BC35FEEA-52A6-448D-A65E-FEEA7D255B43}.Ad-Hoc|iPhone.Build.0 = Ad-Hoc|iPhone
		{BC35FEEA-52A6-448D-A65E-FEEA7D255B43}.Ad-Hoc|iPhoneSimulator.ActiveCfg = Ad-Hoc|iPhoneSimulator
		{BC35FEEA-52A6-448D-A65E-FEEA7D255B43}.Ad-Hoc|iPhoneSimulator.Build.0 = Ad-Hoc|iPhoneSimulator
		{BC35FEEA-52A6-448D-A65E-FEEA7D255B43}.Ad-Hoc|x64.ActiveCfg = Ad-Hoc|iPhone
		{BC35FEEA-52A6-448D-A65E-FEEA7D255B43}.Ad-Hoc|x86.ActiveCfg = Ad-Hoc|iPhone
		{BC35FEEA-52A6-448D-A65E-FEEA7D255B43}.AppStore|Any CPU.ActiveCfg = AppStore|iPhone
		{BC35FEEA-52A6-448D-A65E-FEEA7D255B43}.AppStore|ARM.ActiveCfg = AppStore|iPhone
		{BC35FEEA-52A6-448D-A65E-FEEA7D255B43}.AppStore|iPhone.ActiveCfg = AppStore|iPhone
		{BC35FEEA-52A6-448D-A65E-FEEA7D255B43}.AppStore|iPhone.Build.0 = AppStore|iPhone
		{BC35FEEA-52A6-448D-A65E-FEEA7D255B43}.AppStore|iPhoneSimulator.ActiveCfg = AppStore|iPhoneSimulator
		{BC35FEEA-52A6-448D-A65E-FEEA7D255B43}.AppStore|iPhoneSimulator.Build.0 = AppStore|iPhoneSimulator
		{BC35FEEA-52A6-448D-A65E-FEEA7D255B43}.AppStore|x64.ActiveCfg = AppStore|iPhone
		{BC35FEEA-52A6-448D-A65E-FEEA7D255B43}.AppStore|x86.ActiveCfg = AppStore|iPhone
		{BC35FEEA-52A6-448D-A65E-FEEA7D255B43}.Debug|Any CPU.ActiveCfg = Debug|iPhone
		{BC35FEEA-52A6-448D-A65E-FEEA7D255B43}.Debug|ARM.ActiveCfg = Debug|iPhone
		{BC35FEEA-52A6-448D-A65E-FEEA7D255B43}.Debug|iPhone.ActiveCfg = Debug|iPhone
		{BC35FEEA-52A6-448D-A65E-FEEA7D255B43}.Debug|iPhone.Build.0 = Debug|iPhone
		{BC35FEEA-52A6-448D-A65E-FEEA7D255B43}.Debug|iPhoneSimulator.ActiveCfg = Debug|iPhoneSimulator
		{BC35FEEA-52A6-448D-A65E-FEEA7D255B43}.Debug|iPhoneSimulator.Build.0 = Debug|iPhoneSimulator
		{BC35FEEA-52A6-448D-A65E-FEEA7D255B43}.Debug|x64.ActiveCfg = Debug|iPhone
		{BC35FEEA-52A6-448D-A65E-FEEA7D255B43}.Debug|x86.ActiveCfg = Debug|iPhone
		{BC35FEEA-52A6-448D-A65E-FEEA7D255B43}.Release|Any CPU.ActiveCfg = Release|iPhone
		{BC35FEEA-52A6-448D-A65E-FEEA7D255B43}.Release|ARM.ActiveCfg = Release|iPhone
		{BC35FEEA-52A6-448D-A65E-FEEA7D255B43}.Release|iPhone.ActiveCfg = Release|iPhone
		{BC35FEEA-52A6-448D-A65E-FEEA7D255B43}.Release|iPhone.Build.0 = Release|iPhone
		{BC35FEEA-52A6-448D-A65E-FEEA7D255B43}.Release|iPhoneSimulator.ActiveCfg = Release|iPhoneSimulator
		{BC35FEEA-52A6-448D-A65E-FEEA7D255B43}.Release|iPhoneSimulator.Build.0 = Release|iPhoneSimulator
		{BC35FEEA-52A6-448D-A65E-FEEA7D255B43}.Release|x64.ActiveCfg = Release|iPhone
		{BC35FEEA-52A6-448D-A65E-FEEA7D255B43}.Release|x86.ActiveCfg = Release|iPhone
		{65B6C167-2367-4E5B-918C-9D264DCF6BB0}.Ad-Hoc|Any CPU.ActiveCfg = Release|x86
		{65B6C167-2367-4E5B-918C-9D264DCF6BB0}.Ad-Hoc|Any CPU.Build.0 = Release|x86
		{65B6C167-2367-4E5B-918C-9D264DCF6BB0}.Ad-Hoc|Any CPU.Deploy.0 = Release|x86
		{65B6C167-2367-4E5B-918C-9D264DCF6BB0}.Ad-Hoc|ARM.ActiveCfg = Release|ARM
		{65B6C167-2367-4E5B-918C-9D264DCF6BB0}.Ad-Hoc|ARM.Build.0 = Release|ARM
		{65B6C167-2367-4E5B-918C-9D264DCF6BB0}.Ad-Hoc|ARM.Deploy.0 = Release|ARM
		{65B6C167-2367-4E5B-918C-9D264DCF6BB0}.Ad-Hoc|iPhone.ActiveCfg = Release|x86
		{65B6C167-2367-4E5B-918C-9D264DCF6BB0}.Ad-Hoc|iPhone.Build.0 = Release|x86
		{65B6C167-2367-4E5B-918C-9D264DCF6BB0}.Ad-Hoc|iPhone.Deploy.0 = Release|x86
		{65B6C167-2367-4E5B-918C-9D264DCF6BB0}.Ad-Hoc|iPhoneSimulator.ActiveCfg = Release|x86
		{65B6C167-2367-4E5B-918C-9D264DCF6BB0}.Ad-Hoc|iPhoneSimulator.Build.0 = Release|x86
		{65B6C167-2367-4E5B-918C-9D264DCF6BB0}.Ad-Hoc|iPhoneSimulator.Deploy.0 = Release|x86
		{65B6C167-2367-4E5B-918C-9D264DCF6BB0}.Ad-Hoc|x64.ActiveCfg = Release|x64
		{65B6C167-2367-4E5B-918C-9D264DCF6BB0}.Ad-Hoc|x64.Build.0 = Release|x64
		{65B6C167-2367-4E5B-918C-9D264DCF6BB0}.Ad-Hoc|x64.Deploy.0 = Release|x64
		{65B6C167-2367-4E5B-918C-9D264DCF6BB0}.Ad-Hoc|x86.ActiveCfg = Release|x86
		{65B6C167-2367-4E5B-918C-9D264DCF6BB0}.Ad-Hoc|x86.Build.0 = Release|x86
		{65B6C167-2367-4E5B-918C-9D264DCF6BB0}.Ad-Hoc|x86.Deploy.0 = Release|x86
		{65B6C167-2367-4E5B-918C-9D264DCF6BB0}.AppStore|Any CPU.ActiveCfg = Release|x86
		{65B6C167-2367-4E5B-918C-9D264DCF6BB0}.AppStore|Any CPU.Build.0 = Release|x86
		{65B6C167-2367-4E5B-918C-9D264DCF6BB0}.AppStore|Any CPU.Deploy.0 = Release|x86
		{65B6C167-2367-4E5B-918C-9D264DCF6BB0}.AppStore|ARM.ActiveCfg = Release|ARM
		{65B6C167-2367-4E5B-918C-9D264DCF6BB0}.AppStore|ARM.Build.0 = Release|ARM
		{65B6C167-2367-4E5B-918C-9D264DCF6BB0}.AppStore|ARM.Deploy.0 = Release|ARM
		{65B6C167-2367-4E5B-918C-9D264DCF6BB0}.AppStore|iPhone.ActiveCfg = Release|x86
		{65B6C167-2367-4E5B-918C-9D264DCF6BB0}.AppStore|iPhone.Build.0 = Release|x86
		{65B6C167-2367-4E5B-918C-9D264DCF6BB0}.AppStore|iPhone.Deploy.0 = Release|x86
		{65B6C167-2367-4E5B-918C-9D264DCF6BB0}.AppStore|iPhoneSimulator.ActiveCfg = Release|x86
		{65B6C167-2367-4E5B-918C-9D264DCF6BB0}.AppStore|iPhoneSimulator.Build.0 = Release|x86
		{65B6C167-2367-4E5B-918C-9D264DCF6BB0}.AppStore|iPhoneSimulator.Deploy.0 = Release|x86
		{65B6C167-2367-4E5B-918C-9D264DCF6BB0}.AppStore|x64.ActiveCfg = Release|x64
		{65B6C167-2367-4E5B-918C-9D264DCF6BB0}.AppStore|x64.Build.0 = Release|x64
		{65B6C167-2367-4E5B-918C-9D264DCF6BB0}.AppStore|x64.Deploy.0 = Release|x64
		{65B6C167-2367-4E5B-918C-9D264DCF6BB0}.AppStore|x86.ActiveCfg = Release|x86
		{65B6C167-2367-4E5B-918C-9D264DCF6BB0}.AppStore|x86.Build.0 = Release|x86
		{65B6C167-2367-4E5B-918C-9D264DCF6BB0}.AppStore|x86.Deploy.0 = Release|x86
		{65B6C167-2367-4E5B-918C-9D264DCF6BB0}.Debug|Any CPU.ActiveCfg = Debug|x86
		{65B6C167-2367-4E5B-918C-9D264DCF6BB0}.Debug|ARM.ActiveCfg = Debug|ARM
		{65B6C167-2367-4E5B-918C-9D264DCF6BB0}.Debug|ARM.Build.0 = Debug|ARM
		{65B6C167-2367-4E5B-918C-9D264DCF6BB0}.Debug|ARM.Deploy.0 = Debug|ARM
		{65B6C167-2367-4E5B-918C-9D264DCF6BB0}.Debug|iPhone.ActiveCfg = Debug|x86
		{65B6C167-2367-4E5B-918C-9D264DCF6BB0}.Debug|iPhoneSimulator.ActiveCfg = Debug|x86
		{65B6C167-2367-4E5B-918C-9D264DCF6BB0}.Debug|x64.ActiveCfg = Debug|x64
		{65B6C167-2367-4E5B-918C-9D264DCF6BB0}.Debug|x64.Build.0 = Debug|x64
		{65B6C167-2367-4E5B-918C-9D264DCF6BB0}.Debug|x64.Deploy.0 = Debug|x64
		{65B6C167-2367-4E5B-918C-9D264DCF6BB0}.Debug|x86.ActiveCfg = Debug|x86
		{65B6C167-2367-4E5B-918C-9D264DCF6BB0}.Debug|x86.Build.0 = Debug|x86
		{65B6C167-2367-4E5B-918C-9D264DCF6BB0}.Debug|x86.Deploy.0 = Debug|x86
		{65B6C167-2367-4E5B-918C-9D264DCF6BB0}.Release|Any CPU.ActiveCfg = Release|x86
		{65B6C167-2367-4E5B-918C-9D264DCF6BB0}.Release|ARM.ActiveCfg = Release|ARM
		{65B6C167-2367-4E5B-918C-9D264DCF6BB0}.Release|ARM.Build.0 = Release|ARM
		{65B6C167-2367-4E5B-918C-9D264DCF6BB0}.Release|ARM.Deploy.0 = Release|ARM
		{65B6C167-2367-4E5B-918C-9D264DCF6BB0}.Release|iPhone.ActiveCfg = Release|x86
		{65B6C167-2367-4E5B-918C-9D264DCF6BB0}.Release|iPhoneSimulator.ActiveCfg = Release|x86
		{65B6C167-2367-4E5B-918C-9D264DCF6BB0}.Release|x64.ActiveCfg = Release|x64
		{65B6C167-2367-4E5B-918C-9D264DCF6BB0}.Release|x64.Build.0 = Release|x64
		{65B6C167-2367-4E5B-918C-9D264DCF6BB0}.Release|x64.Deploy.0 = Release|x64
		{65B6C167-2367-4E5B-918C-9D264DCF6BB0}.Release|x86.ActiveCfg = Release|x86
		{65B6C167-2367-4E5B-918C-9D264DCF6BB0}.Release|x86.Build.0 = Release|x86
		{65B6C167-2367-4E5B-918C-9D264DCF6BB0}.Release|x86.Deploy.0 = Release|x86
		{6178F1F1-B052-45BC-BB9A-79F712A39528}.Ad-Hoc|Any CPU.ActiveCfg = Debug|Any CPU
		{6178F1F1-B052-45BC-BB9A-79F712A39528}.Ad-Hoc|Any CPU.Build.0 = Debug|Any CPU
		{6178F1F1-B052-45BC-BB9A-79F712A39528}.Ad-Hoc|ARM.ActiveCfg = Debug|Any CPU
		{6178F1F1-B052-45BC-BB9A-79F712A39528}.Ad-Hoc|ARM.Build.0 = Debug|Any CPU
		{6178F1F1-B052-45BC-BB9A-79F712A39528}.Ad-Hoc|iPhone.ActiveCfg = Debug|Any CPU
		{6178F1F1-B052-45BC-BB9A-79F712A39528}.Ad-Hoc|iPhone.Build.0 = Debug|Any CPU
		{6178F1F1-B052-45BC-BB9A-79F712A39528}.Ad-Hoc|iPhoneSimulator.ActiveCfg = Debug|Any CPU
		{6178F1F1-B052-45BC-BB9A-79F712A39528}.Ad-Hoc|iPhoneSimulator.Build.0 = Debug|Any CPU
		{6178F1F1-B052-45BC-BB9A-79F712A39528}.Ad-Hoc|x64.ActiveCfg = Debug|Any CPU
		{6178F1F1-B052-45BC-BB9A-79F712A39528}.Ad-Hoc|x64.Build.0 = Debug|Any CPU
		{6178F1F1-B052-45BC-BB9A-79F712A39528}.Ad-Hoc|x86.ActiveCfg = Debug|Any CPU
		{6178F1F1-B052-45BC-BB9A-79F712A39528}.Ad-Hoc|x86.Build.0 = Debug|Any CPU
		{6178F1F1-B052-45BC-BB9A-79F712A39528}.AppStore|Any CPU.ActiveCfg = Debug|Any CPU
		{6178F1F1-B052-45BC-BB9A-79F712A39528}.AppStore|Any CPU.Build.0 = Debug|Any CPU
		{6178F1F1-B052-45BC-BB9A-79F712A39528}.AppStore|ARM.ActiveCfg = Debug|Any CPU
		{6178F1F1-B052-45BC-BB9A-79F712A39528}.AppStore|ARM.Build.0 = Debug|Any CPU
		{6178F1F1-B052-45BC-BB9A-79F712A39528}.AppStore|iPhone.ActiveCfg = Debug|Any CPU
		{6178F1F1-B052-45BC-BB9A-79F712A39528}.AppStore|iPhone.Build.0 = Debug|Any CPU
		{6178F1F1-B052-45BC-BB9A-79F712A39528}.AppStore|iPhoneSimulator.ActiveCfg = Debug|Any CPU
		{6178F1F1-B052-45BC-BB9A-79F712A39528}.AppStore|iPhoneSimulator.Build.0 = Debug|Any CPU
		{6178F1F1-B052-45BC-BB9A-79F712A39528}.AppStore|x64.ActiveCfg = Debug|Any CPU
		{6178F1F1-B052-45BC-BB9A-79F712A39528}.AppStore|x64.Build.0 = Debug|Any CPU
		{6178F1F1-B052-45BC-BB9A-79F712A39528}.AppStore|x86.ActiveCfg = Debug|Any CPU
		{6178F1F1-B052-45BC-BB9A-79F712A39528}.AppStore|x86.Build.0 = Debug|Any CPU
		{6178F1F1-B052-45BC-BB9A-79F712A39528}.Debug|Any CPU.ActiveCfg = Debug|Any CPU
		{6178F1F1-B052-45BC-BB9A-79F712A39528}.Debug|Any CPU.Build.0 = Debug|Any CPU
		{6178F1F1-B052-45BC-BB9A-79F712A39528}.Debug|ARM.ActiveCfg = Debug|Any CPU
		{6178F1F1-B052-45BC-BB9A-79F712A39528}.Debug|ARM.Build.0 = Debug|Any CPU
		{6178F1F1-B052-45BC-BB9A-79F712A39528}.Debug|iPhone.ActiveCfg = Debug|Any CPU
		{6178F1F1-B052-45BC-BB9A-79F712A39528}.Debug|iPhone.Build.0 = Debug|Any CPU
		{6178F1F1-B052-45BC-BB9A-79F712A39528}.Debug|iPhoneSimulator.ActiveCfg = Debug|Any CPU
		{6178F1F1-B052-45BC-BB9A-79F712A39528}.Debug|iPhoneSimulator.Build.0 = Debug|Any CPU
		{6178F1F1-B052-45BC-BB9A-79F712A39528}.Debug|x64.ActiveCfg = Debug|Any CPU
		{6178F1F1-B052-45BC-BB9A-79F712A39528}.Debug|x64.Build.0 = Debug|Any CPU
		{6178F1F1-B052-45BC-BB9A-79F712A39528}.Debug|x86.ActiveCfg = Debug|Any CPU
		{6178F1F1-B052-45BC-BB9A-79F712A39528}.Debug|x86.Build.0 = Debug|Any CPU
		{6178F1F1-B052-45BC-BB9A-79F712A39528}.Release|Any CPU.ActiveCfg = Release|Any CPU
		{6178F1F1-B052-45BC-BB9A-79F712A39528}.Release|Any CPU.Build.0 = Release|Any CPU
		{6178F1F1-B052-45BC-BB9A-79F712A39528}.Release|ARM.ActiveCfg = Release|Any CPU
		{6178F1F1-B052-45BC-BB9A-79F712A39528}.Release|ARM.Build.0 = Release|Any CPU
		{6178F1F1-B052-45BC-BB9A-79F712A39528}.Release|iPhone.ActiveCfg = Release|Any CPU
		{6178F1F1-B052-45BC-BB9A-79F712A39528}.Release|iPhone.Build.0 = Release|Any CPU
		{6178F1F1-B052-45BC-BB9A-79F712A39528}.Release|iPhoneSimulator.ActiveCfg = Release|Any CPU
		{6178F1F1-B052-45BC-BB9A-79F712A39528}.Release|iPhoneSimulator.Build.0 = Release|Any CPU
		{6178F1F1-B052-45BC-BB9A-79F712A39528}.Release|x64.ActiveCfg = Release|Any CPU
		{6178F1F1-B052-45BC-BB9A-79F712A39528}.Release|x64.Build.0 = Release|Any CPU
		{6178F1F1-B052-45BC-BB9A-79F712A39528}.Release|x86.ActiveCfg = Release|Any CPU
		{6178F1F1-B052-45BC-BB9A-79F712A39528}.Release|x86.Build.0 = Release|Any CPU
	EndGlobalSection
	GlobalSection(SolutionProperties) = preSolution
		HideSolutionNode = FALSE
	EndGlobalSection
	GlobalSection(ExtensibilityGlobals) = postSolution
		SolutionGuid = {F0B3C8EC-4F00-4A93-AE6C-53A7B0B68C23}
	EndGlobalSection
EndGlobal
